
Microsoft Visual Studio Solution File, Format Version 12.00
# Visual Studio Version 16
VisualStudioVersion = 16.0.30804.86
MinimumVisualStudioVersion = 10.0.40219.1
Project("{FAE04EC0-301F-11D3-BF4B-00C04F79EFBC}") = "WebBacklink", "WebBacklink\WebBacklink.csproj", "{7F231A84-EB02-4C0E-8351-40E566B666A6}"
EndProject
Project("{FAE04EC0-301F-11D3-BF4B-00C04F79EFBC}") = "Models", "Models\Models.csproj", "{783386CE-3837-4F2F-9812-D0A438790011}"
EndProject
Project("{FAE04EC0-301F-11D3-BF4B-00C04F79EFBC}") = "Common", "Common\Common.csproj", "{39F7D8B8-61A5-4A1C-8C5F-C95104414B34}"
EndProject
Project("{FAE04EC0-301F-11D3-BF4B-00C04F79EFBC}") = "StaticResources", "StaticResources\StaticResources.csproj", "{138E8EF3-778A-4B4E-BB5D-DFF87CD17131}"
EndProject
Global
	GlobalSection(SolutionConfigurationPlatforms) = preSolution
		Debug|Any CPU = Debug|Any CPU
		Release|Any CPU = Release|Any CPU
	EndGlobalSection
	GlobalSection(ProjectConfigurationPlatforms) = postSolution
		{7F231A84-EB02-4C0E-8351-40E566B666A6}.Debug|Any CPU.ActiveCfg = Debug|Any CPU
		{7F231A84-EB02-4C0E-8351-40E566B666A6}.Debug|Any CPU.Build.0 = Debug|Any CPU
		{7F231A84-EB02-4C0E-8351-40E566B666A6}.Release|Any CPU.ActiveCfg = Release|Any CPU
		{7F231A84-EB02-4C0E-8351-40E566B666A6}.Release|Any CPU.Build.0 = Release|Any CPU
		{783386CE-3837-4F2F-9812-D0A438790011}.Debug|Any CPU.ActiveCfg = Debug|Any CPU
		{783386CE-3837-4F2F-9812-D0A438790011}.Debug|Any CPU.Build.0 = Debug|Any CPU
		{783386CE-3837-4F2F-9812-D0A438790011}.Release|Any CPU.ActiveCfg = Release|Any CPU
		{783386CE-3837-4F2F-9812-D0A438790011}.Release|Any CPU.Build.0 = Release|Any CPU
		{39F7D8B8-61A5-4A1C-8C5F-C95104414B34}.Debug|Any CPU.ActiveCfg = Debug|Any CPU
		{39F7D8B8-61A5-4A1C-8C5F-C95104414B34}.Debug|Any CPU.Build.0 = Debug|Any CPU
		{39F7D8B8-61A5-4A1C-8C5F-C95104414B34}.Release|Any CPU.ActiveCfg = Release|Any CPU
		{39F7D8B8-61A5-4A1C-8C5F-C95104414B34}.Release|Any CPU.Build.0 = Release|Any CPU
		{138E8EF3-778A-4B4E-BB5D-DFF87CD17131}.Debug|Any CPU.ActiveCfg = Debug|Any CPU
		{138E8EF3-778A-4B4E-BB5D-DFF87CD17131}.Debug|Any CPU.Build.0 = Debug|Any CPU
		{138E8EF3-778A-4B4E-BB5D-DFF87CD17131}.Release|Any CPU.ActiveCfg = Release|Any CPU
		{138E8EF3-778A-4B4E-BB5D-DFF87CD17131}.Release|Any CPU.Build.0 = Release|Any CPU
	EndGlobalSection
	GlobalSection(SolutionProperties) = preSolution
		HideSolutionNode = FALSE
	EndGlobalSection
	GlobalSection(ExtensibilityGlobals) = postSolution
		SolutionGuid = {C097F3CB-5D88-4BC7-AB09-78B8A2A00C5C}
	EndGlobalSection
EndGlobal
